
Microsoft Visual Studio Solution File, Format Version 12.00
# Visual Studio Version 17
VisualStudioVersion = 17.14.36623.8 d17.14
MinimumVisualStudioVersion = 10.0.40219.1
Project("{FAE04EC0-301F-11D3-BF4B-00C04F79EFBC}") = "LotterySystem", "LotterySystem\LotterySystem.csproj", "{A864A480-C5C0-4D75-B60C-1B18EB94CB2D}"
EndProject
Global
	GlobalSection(SolutionConfigurationPlatforms) = preSolution
		Debug|Any CPU = Debug|Any CPU
		Release|Any CPU = Release|Any CPU
	EndGlobalSection
	GlobalSection(ProjectConfigurationPlatforms) = postSolution
		{A864A480-C5C0-4D75-B60C-1B18EB94CB2D}.Debug|Any CPU.ActiveCfg = Release|Any CPU
		{A864A480-C5C0-4D75-B60C-1B18EB94CB2D}.Debug|Any CPU.Build.0 = Release|Any CPU
		{A864A480-C5C0-4D75-B60C-1B18EB94CB2D}.Release|Any CPU.ActiveCfg = Release|Any CPU
		{A864A480-C5C0-4D75-B60C-1B18EB94CB2D}.Release|Any CPU.Build.0 = Release|Any CPU
	EndGlobalSection
	GlobalSection(SolutionProperties) = preSolution
		HideSolutionNode = FALSE
	EndGlobalSection
	GlobalSection(ExtensibilityGlobals) = postSolution
		SolutionGuid = {F51D4C92-FCF2-4461-ABC5-22BCC42AF2F0}
	EndGlobalSection
EndGlobal
